<?xml version="1.0" encoding="utf-8"?>
<Project ToolsVersion="4.0" xmlns="http://schemas.microsoft.com/developer/msbuild/2003">
  <ItemGroup>
    <Filter Include="Source Files">
      <UniqueIdentifier>{4FC737F1-C7A5-4376-A066-2A32D752A2FF}</UniqueIdentifier>
      <Extensions>cpp;c;cc;cxx;def;odl;idl;hpj;bat;asm;asmx</Extensions>
    </Filter>
    <Filter Include="Header Files">
      <UniqueIdentifier>{93995380-89BD-4b04-88EB-625FBE52EBFB}</UniqueIdentifier>
      <Extensions>h;hh;hpp;hxx;hm;inl;inc;ipp;xsd</Extensions>
    </Filter>
    <Filter Include="Resource Files">
      <UniqueIdentifier>{67DA6AB6-F800-4c08-8B7A-83BB121AAD01}</UniqueIdentifier>
      <Extensions>rc;ico;cur;bmp;dlg;rc2;rct;bin;rgs;gif;jpg;jpeg;jpe;resx;tiff;tif;png;wav;mfcribbon-ms</Extensions>
    </Filter>
    <Filter Include="States">
      <UniqueIdentifier>{b24567ec-635e-49a7-8916-e88ab3902d6d}</UniqueIdentifier>
    </Filter>
    <Filter Include="Entities">
      <UniqueIdentifier>{cf338357-37e6-47ce-b1d3-5db10cc97817}</UniqueIdentifier>
    </Filter>
    <Filter Include="Component">
      <UniqueIdentifier>{53bc1142-484b-4ec9-824e-26ae19efa2af}</UniqueIdentifier>
    </Filter>
    <Filter Include="Tile">
      <UniqueIdentifier>{ebf44c91-0bc8-4e89-8cc9-b13dfa8e4d2f}</UniqueIdentifier>
    </Filter>
    <Filter Include="GUI">
      <UniqueIdentifier>{adb39434-4b9d-454d-b8e2-6c9166ab4898}</UniqueIdentifier>
    </Filter>
    <Filter Include="Map">
      <UniqueIdentifier>{9e4974dc-312f-4d05-8f46-f3472c4224d9}</UniqueIdentifier>
    </Filter>
  </ItemGroup>
  <ItemGroup>
    <ClCompile Include="main.cpp">
      <Filter>Source Files</Filter>
    </ClCompile>
    <ClCompile Include="Game.cpp">
      <Filter>Source Files</Filter>
    </ClCompile>
    <ClCompile Include="GameState.cpp">
      <Filter>States</Filter>
    </ClCompile>
    <ClCompile Include="State.cpp">
      <Filter>States</Filter>
    </ClCompile>
    <ClCompile Include="Entity.cpp">
      <Filter>Entities</Filter>
    </ClCompile>
    <ClCompile Include="MainMenuState.cpp">
      <Filter>States</Filter>
    </ClCompile>
    <ClCompile Include="MovementComponent.cpp">
      <Filter>Component</Filter>
    </ClCompile>
    <ClCompile Include="EditorState.cpp">
      <Filter>States</Filter>
    </ClCompile>
    <ClCompile Include="AnimationComponent.cpp">
      <Filter>Component</Filter>
    </ClCompile>
    <ClCompile Include="HitboxComponent.cpp">
      <Filter>Component</Filter>
    </ClCompile>
    <ClCompile Include="Tile.cpp">
      <Filter>Tile</Filter>
    </ClCompile>
    <ClCompile Include="PauseMenu.cpp">
      <Filter>GUI</Filter>
    </ClCompile>
    <ClCompile Include="SettingsState.cpp">
      <Filter>States</Filter>
    </ClCompile>
    <ClCompile Include="Gui.cpp">
      <Filter>Resource Files</Filter>
    </ClCompile>
    <ClCompile Include="TileMap.cpp">
      <Filter>Map</Filter>
    </ClCompile>
    <ClCompile Include="Player.cpp">
      <Filter>Entities</Filter>
    </ClCompile>
    <ClCompile Include="GraphicsSettings.cpp">
      <Filter>Resource Files</Filter>
    </ClCompile>
    <ClCompile Include="stdafx.cpp">
      <Filter>Source Files</Filter>
    </ClCompile>
    <ClCompile Include="AttributeComponent.cpp">
      <Filter>Component</Filter>
    </ClCompile>
  </ItemGroup>
  <ItemGroup>
    <ClInclude Include="Game.h">
      <Filter>Header Files</Filter>
    </ClInclude>
    <ClInclude Include="Entity.h">
      <Filter>Entities</Filter>
    </ClInclude>
    <ClInclude Include="MainMenuState.h">
      <Filter>States</Filter>
    </ClInclude>
    <ClInclude Include="GameState.h">
      <Filter>States</Filter>
    </ClInclude>
    <ClInclude Include="State.h">
      <Filter>States</Filter>
    </ClInclude>
    <ClInclude Include="MovementComponent.h">
      <Filter>Component</Filter>
    </ClInclude>
    <ClInclude Include="EditorState.h">
      <Filter>States</Filter>
    </ClInclude>
    <ClInclude Include="AnimationComponent.h">
      <Filter>Component</Filter>
    </ClInclude>
    <ClInclude Include="HitboxComponent.h">
      <Filter>Component</Filter>
    </ClInclude>
    <ClInclude Include="Tile.h">
      <Filter>Tile</Filter>
    </ClInclude>
    <ClInclude Include="PauseMenu.h">
      <Filter>GUI</Filter>
    </ClInclude>
    <ClInclude Include="SettingsState.h">
      <Filter>States</Filter>
    </ClInclude>
    <ClInclude Include="Gui.h">
      <Filter>Resource Files</Filter>
    </ClInclude>
    <ClInclude Include="TileMap.h">
      <Filter>Map</Filter>
    </ClInclude>
    <ClInclude Include="stdafx.h">
      <Filter>Header Files</Filter>
    </ClInclude>
    <ClInclude Include="Player.h">
      <Filter>Entities</Filter>
    </ClInclude>
    <ClInclude Include="GraphicsSettings.h">
      <Filter>Resource Files</Filter>
    </ClInclude>
    <ClInclude Include="AttributeComponent.h">
      <Filter>Component</Filter>
    </ClInclude>
  </ItemGroup>
</Project>